{
  "nodes": {
    "csharp-language-server": {
      "inputs": {
        "nixpkgs": [
          "nixpkgs"
        ]
      },
      "locked": {
        "lastModified": 1786113987,
        "narHash": "sha256-Lnc6R+SlZLt8H7hw5J7iQ9d39ti5dihvU0MNCoMNWU0=",
        "owner": "alsi-lawr",
        "repo": "csharp-language-server",
        "rev": "ed8c52944f4c6f37e01bb5b9e03e81a7c0d2fd0c",
        "type": "github"
      },
      "original": {
        "owner": "alsi-lawr",
        "ref": "perf/shared-analyzer-diagnostics-a4-002",
        "repo": "csharp-language-server",
        "type": "github"
      }
    },
    "dotnet-package-explorer": {
      "inputs": {
        "nixpkgs": [
          "nixpkgs"
        ],
        "workspace-explorer": "workspace-explorer"
      },
      "locked": {
        "lastModified": 1786578944,
        "narHash": "sha256-niRo2+VDShx+F1PxNkJTbrjTebA3YRYUfODVc6ctYsU=",
        "ref": "refs/heads/master",
        "rev": "43a976ad04794c1779d182e0923ee6f84cd1c085",
        "revCount": 47,
        "type": "git",
        "url": "file:///home/alex/dev/dotnet-package-explorer"
      },
      "original": {
        "type": "git",
        "url": "file:///home/alex/dev/dotnet-package-explorer"
      }
    },
    "dotnet-workspace-explorer": {
      "inputs": {
        "nixpkgs": [
          "nixpkgs"
        ]
      },
      "locked": {
        "lastModified": 1786578603,
        "narHash": "sha256-Nv4YxdqAWIVCLSzsOSL+o/sW6/IXaAZ0K52Sk9H2Ebo=",
        "ref": "refs/heads/master",
        "rev": "84d394b4efe9e00d46a21eb8dcd3449970be94cc",
        "revCount": 223,
        "type": "git",
        "url": "file:///home/alex/dev/dotnet-workspace-explorer"
      },
      "original": {
        "type": "git",
        "url": "file:///home/alex/dev/dotnet-workspace-explorer"
      }
    },
    "nixpkgs": {
      "locked": {
        "lastModified": 1786384358,
        "narHash": "sha256-RzPPiWeUtuvymnpuEWsdtzli5w4kjZs49FqEs3/1u+I=",
        "owner": "NixOS",
        "repo": "nixpkgs",
        "rev": "2fcb964de67fcf60b43471c55d5d99e61a9ccb5a",
        "type": "github"
      },
      "original": {
        "owner": "NixOS",
        "ref": "nixos-unstable",
        "repo": "nixpkgs",
        "type": "github"
      }
    },
    "root": {
      "inputs": {
        "csharp-language-server": "csharp-language-server",
        "dotnet-package-explorer": "dotnet-package-explorer",
        "dotnet-workspace-explorer": "dotnet-workspace-explorer",
        "nixpkgs": "nixpkgs"
      }
    },
    "workspace-explorer": {
      "inputs": {
        "nixpkgs": [
          "dotnet-package-explorer",
          "nixpkgs"
        ]
      },
      "locked": {
        "lastModified": 1786578603,
        "narHash": "sha256-Nv4YxdqAWIVCLSzsOSL+o/sW6/IXaAZ0K52Sk9H2Ebo=",
        "ref": "refs/heads/master",
        "rev": "84d394b4efe9e00d46a21eb8dcd3449970be94cc",
        "revCount": 223,
        "type": "git",
        "url": "file:///home/alex/dev/dotnet-workspace-explorer"
      },
      "original": {
        "type": "git",
        "url": "file:///home/alex/dev/dotnet-workspace-explorer"
      }
    }
  },
  "root": "root",
  "version": 7
}
