{
  "nodes": {
    "csharp-language-server": {
      "inputs": {
        "nixpkgs": [
          "nixpkgs"
        ]
      },
      "locked": {
        "lastModified": 1784832891,
        "narHash": "sha256-K71DsQUjd5Y6g1cKcRuBAaz59V0IK4vy2WtpjKXYgD4=",
        "path": "/home/alex/dev/csharp-language-server",
        "type": "path"
      },
      "original": {
        "path": "/home/alex/dev/csharp-language-server",
        "type": "path"
      }
    },
    "dotnet-workspace-explorer": {
      "inputs": {
        "nixpkgs": [
          "nixpkgs"
        ]
      },
      "locked": {
        "lastModified": 1785692572,
        "narHash": "sha256-ef76zdHHoo4qZOdOvKzIWxeyLQ4uvVbd3GSEx5ih/hY=",
        "owner": "alsi-lawr",
        "repo": "dotnet-workspace-explorer",
        "rev": "fa778633655c309cbbc46d30612a280d4ff838da",
        "type": "github"
      },
      "original": {
        "owner": "alsi-lawr",
        "repo": "dotnet-workspace-explorer",
        "type": "github"
      }
    },
    "nixpkgs": {
      "locked": {
        "lastModified": 1784497964,
        "narHash": "sha256-vlHUuqAcbcH2RKmHbPiuQzbv1pnzzavXnI62RD0bqCU=",
        "owner": "NixOS",
        "repo": "nixpkgs",
        "rev": "241313f4e8e508cb9b13278c2b0fa25b9ca27163",
        "type": "github"
      },
      "original": {
        "owner": "NixOS",
        "ref": "nixos-unstable",
        "repo": "nixpkgs",
        "type": "github"
      }
    },
    "root": {
      "inputs": {
        "csharp-language-server": "csharp-language-server",
        "dotnet-workspace-explorer": "dotnet-workspace-explorer",
        "nixpkgs": "nixpkgs"
      }
    }
  },
  "root": "root",
  "version": 7
}
